# This file is autogenerated, do not edit; changes may be undone by the next 'dep ensure'.


[[projects]]
  branch = "master"
  digest = "1:941b3b1c20872380379586af2420553bedccdb0ff39c4c1b2bdacb17483fa22d"
  name = "github.com/546669204/golang-http-do"
  packages = ["."]
  pruneopts = "UT"
  revision = "2047ec1931b30c50e7144cbcff0d64f86f6b04e0"

[[projects]]
  branch = "master"
  digest = "1:673c9c345144a4a631ae6f97a80e119367ad2d898306fcb05e64ce29d3b834d5"
  name = "github.com/axgle/mahonia"
  packages = ["."]
  pruneopts = "UT"
  revision = "3358181d7394e26beccfae0ffde05193ef3be33a"

[[projects]]
  branch = "master"
  digest = "1:e52b786f6b8d8f111d8ed8dd01ee8ce9efd35ec5a0bfcdc18662cea5f64a84b8"
  name = "github.com/maruel/rs"
  packages = [
    ".",
    "internal/gf256",
  ]
  pruneopts = "UT"
  revision = "2c81c4312fe4ee48bed510bdc37ddd499d2d9e9a"

[[projects]]
  digest = "1:41f8c34c3ab0a8b7107cebd358aefc16389ff5a4c17d110b2e496ec1c7c5beca"
  name = "github.com/mdp/qrterminal"
  packages = ["."]
  pruneopts = "UT"
  revision = "0610c700bc3844bd7ef9c27f032fe448fe224f40"
  version = "v1.0.0"

[[projects]]
  digest = "1:5258068b2b83fac8c8fb9fc64f10c6885d61c0818c86f2836ef2c52dc0f29522"
  name = "github.com/rsc/qr"
  packages = ["."]
  pruneopts = "UT"
  revision = "48b2ede4844e13f1a2b7ce4d2529c9af7e359fc5"
  version = "v0.1.0"

[[projects]]
  branch = "master"
  digest = "1:9ac241cddecd5a8f687864afd2896f8ada6b5d771c0976d64060ba86d66482e4"
  name = "github.com/tuotoo/qrcode"
  packages = ["."]
  pruneopts = "UT"
  revision = "6cbfb834f9f328f3d3c2e44a50cdcaa330466e4c"

[[projects]]
  digest = "1:10aaee8ca3ebf2edad8e33398da918b7948f541cd372ff1a8948f724cfd4610f"
  name = "rsc.io/qr"
  packages = [
    "coding",
    "gf256",
  ]
  pruneopts = "UT"
  revision = "48b2ede4844e13f1a2b7ce4d2529c9af7e359fc5"
  version = "v0.1.0"

[solve-meta]
  analyzer-name = "dep"
  analyzer-version = 1
  input-imports = [
    "github.com/546669204/golang-http-do",
    "github.com/mdp/qrterminal",
    "github.com/tuotoo/qrcode",
  ]
  solver-name = "gps-cdcl"
  solver-version = 1
