# This file is autogenerated, do not edit; changes may be undone by the next 'dep ensure'.


[[projects]]
  branch = "master"
  digest = "1:ecf48b1a67b683360f0f16fed126b35cebf8cbeca4390f31641e6ba4fe19dd76"
  name = "github.com/larspensjo/config"
  packages = ["."]
  pruneopts = "UT"
  revision = "b6db95dc6321c46dab9cd53d0c85164a27686aa6"

[solve-meta]
  analyzer-name = "dep"
  analyzer-version = 1
  input-imports = ["github.com/larspensjo/config"]
  solver-name = "gps-cdcl"
  solver-version = 1
